github.com/Jeffail/tunny v0.0.0-20181108205650-4921fff29480 h1:pTK5nW0J4B2IlU9RjSoJMC+tgu+CQI6obTlgsdiznpQ=
github.com/Jeffail/tunny v0.0.0-20181108205650-4921fff29480/go.mod h1:BX3q3G70XX0UmIkDWfDHoDRquDS1xFJA5VTbMf+14wM=
github.com/davecgh/go-spew v1.1.0/go.mod h1:J7Y8YcW2NihsgmVo/mv3lAwl/skON4iLHjSsI+c5H38=
github.com/davecgh/go-spew v1.1.1 h1:vj9j/u1bqnvCEfJOwUhtlOARqs3+rkHYY13jYWTU97c=
github.com/davecgh/go-spew v1.1.1/go.mod h1:J7Y8YcW2NihsgmVo/mv3lAwl/skON4iLHjSsI+c5H38=
github.com/dgrijalva/jwt-go v3.2.0+incompatible h1:7qlOGliEKZXTDg6OTjfoBKDXWrumCAMpl/TFQ4/5kLM=
github.com/dgrijalva/jwt-go v3.2.0+incompatible/go.mod h1:E3ru+11k8xSBh+hMPgOLZmtrrCbhqsmaPHjLKYnJCaQ=
github.com/golang/protobuf v1.3.1 h1:YF8+flBXS5eO826T4nzqPrxfhQThhXl0YzfuUPu4SBg=
github.com/golang/protobuf v1.3.1/go.mod h1:6lQm79b+lXiMfvg/cZm0SGofjICqVBUtrP5yJMmIC1U=
github.com/google/go-cmp v0.2.0 h1:+dTQ8DZQJz0Mb/HjFlkptS1FeQ4cWSnN941F8aEG4SQ=
github.com/google/go-cmp v0.2.0/go.mod h1:oXzfMopK8JAjlY9xF4vHSVASa0yLyX7SntLO5aqRK0M=
github.com/google/go-cmp v0.3.0 h1:crn/baboCvb5fXaQ0IJ1SGTsTVrWpDsCWC8EGETZijY=
github.com/google/go-cmp v0.3.0/go.mod h1:8QqcDgzrUqlUb/G2PQTWiueGozuR1884gddMywk6iLU=
github.com/gorilla/mux v1.7.0 h1:tOSd0UKHQd6urX6ApfOn4XdBMY6Sh1MfxV3kmaazO+U=
github.com/gorilla/mux v1.7.0/go.mod h1:1lud6UwP+6orDFRuTfBEV8e9/aOM/c4fVVCaMa2zaAs=
github.com/gorilla/websocket v1.4.0 h1:WDFjx/TMzVgy9VdMMQi2K2Emtwi2QcUQsztZ/zLaH/Q=
github.com/gorilla/websocket v1.4.0/go.mod h1:E7qHFY5m1UJ88s3WnNqhKjPHQ0heANvMoAMk2YaljkQ=
github.com/mitchellh/mapstructure v1.1.2 h1:fmNYVwqnSfB9mZU6OS2O6GsXM+wcskZDuKQzvN1EDeE=
github.com/mitchellh/mapstructure v1.1.2/go.mod h1:FVVH3fgwuzCH5S8UJGiWEs2h04kUh9fWfEaFds41c1Y=
github.com/nats-io/gnatsd v1.4.1 h1:RconcfDeWpKCD6QIIwiVFcvForlXpWeJP7i5/lDLy44=
github.com/nats-io/gnatsd v1.4.1/go.mod h1:nqco77VO78hLCJpIcVfygDP2rPGfsEHkGTUk94uh5DQ=
github.com/nats-io/go-nats v1.7.0 h1:oQOfHcLr8hb43QG8yeVyY2jtarIaTjOv41CGdF3tTvQ=
github.com/nats-io/go-nats v1.7.0/go.mod h1:+t7RHT5ApZebkrQdnn6AhQJmhJJiKAvJUio1PiiCtj0=
github.com/nats-io/nkeys v0.0.2 h1:+qM7QpgXnvDDixitZtQUBDY9w/s9mu1ghS+JIbsrx6M=
github.com/nats-io/nkeys v0.0.2/go.mod h1:dab7URMsZm6Z/jp9Z5UGa87Uutgc2mVpXLC4B7TDb/4=
github.com/nats-io/nuid v1.0.1 h1:5iA8DT8V7q8WK2EScv2padNa/rTESc1KdnPw4TC2paw=
github.com/nats-io/nuid v1.0.1/go.mod h1:19wcPz3Ph3q0Jbyiqsd0kePYG7A95tJPxeL+1OSON2c=
github.com/pmezard/go-difflib v1.0.0 h1:4DBwDE0NGyQoBHbLQYPwSUPoCMWR5BEzIk/f1lZbAQM=
github.com/pmezard/go-difflib v1.0.0/go.mod h1:iKH77koFhYxTK1pcRnkKkqfTogsbg7gZNVY4sRDYZ/4=
github.com/stretchr/objx v0.1.0/go.mod h1:HFkY916IF+rwdDfMAkV7OtwuqBVzrE8GR6GFx+wExME=
github.com/stretchr/objx v0.2.0/go.mod h1:qt09Ya8vawLte6SNmTgCsAVtYtaKzEcn8ATUoHMkEqE=
github.com/stretchr/testify v1.3.0 h1:TivCn/peBQ7UY8ooIcPgZFpTNSz0Q2U6UrFlUfqbe0Q=
github.com/stretchr/testify v1.3.0/go.mod h1:M5WIy9Dh21IEIfnGCwXGc5bZfKNJtfHm1UVUgZn+9EI=
github.com/untillpro/airs-iconfig v0.0.0-20190426084518-0fb85c787737 h1:0Sk0dI1KxLsIW0ApW5l3r+4OMXpj5nsuVVWbVA0pOTw=
github.com/untillpro/airs-iconfig v0.0.0-20190426084518-0fb85c787737/go.mod h1:GYmvaI5VNpMCf6oNfNfbR+Q4W6zqa5QTp2L628l/CLQ=
github.com/untillpro/airs-iconfigcon v0.0.0-20190507073154-53117e4d11b0 h1:vMfka1en4EGPV031TgElywqwL/jUnz+dbN4moMIQ1c8=
github.com/untillpro/airs-iconfigcon v0.0.0-20190507073154-53117e4d11b0/go.mod h1:iYfxaHT0HCnrp9EE22O4Nyq3KGGQdqys0bnqQc8ZK7I=
github.com/untillpro/airs-in10n v0.0.0-20190521083904-2832dbff7c8a h1:GsIS1TvXu2CQA0a2ndiWzmRq8yvz2TJ9etY0h6g8SAU=
github.com/untillpro/airs-in10n v0.0.0-20190521083904-2832dbff7c8a/go.mod h1:kdwdn4/b3Lr+agkI8RLZ8a7A4ufWaZOKKxELYK8ucqU=
github.com/untillpro/airs-in10n v0.0.0-20190604121034-313f4eef4205/go.mod h1:rn+LGxY2lv7U8PqhcsuqOVvElzZ6TLMyqWAdHW42zGU=
github.com/untillpro/airs-iqueues v0.0.0-20190506112352-3e4f63452ed5 h1:C8KX1F9aq6RhfhecTxVD9sVgBMHretoF11qARFjDqOs=
github.com/untillpro/airs-iqueues v0.0.0-20190506112352-3e4f63452ed5/go.mod h1:IEdwsGFU9bty0PtlH2A9Yeym3RKHKDmXlYiWcEbwcSI=
github.com/untillpro/airs-iqueues v0.0.0-20190603082602-ea219dbc1b0f h1:RjQ9oc8EKKMJt6nm8nqmiOu1Un1SZHXjbBx6hFb0JS0=
github.com/untillpro/airs-iqueues v0.0.0-20190603082602-ea219dbc1b0f/go.mod h1:IEdwsGFU9bty0PtlH2A9Yeym3RKHKDmXlYiWcEbwcSI=
github.com/untillpro/airs-iqueues v0.0.0-20190604115453-ee50066da68b h1:sm0qaIEOlUs+us+OEK+hKjBIJEr3I84KZWpEZMWx0Jo=
github.com/untillpro/airs-iqueues v0.0.0-20190604115453-ee50066da68b/go.mod h1:IEdwsGFU9bty0PtlH2A9Yeym3RKHKDmXlYiWcEbwcSI=
github.com/untillpro/airs-iqueuesnats v0.0.0-20190514115615-0035cf11e608 h1:4bBS2yxt3G+zvtxLGs2/xkeUk/cRWfULWcnqWffnD60=
github.com/untillpro/airs-iqueuesnats v0.0.0-20190514115615-0035cf11e608/go.mod h1:S+lynp4yQIZq9a7RtoKr7OFYNmtHuy5/+Z14/jYjDr8=
github.com/untillpro/airs-iqueuesnats v0.0.0-20190604120030-09311fefa240 h1:/27DOrcTK0z+rvWHmXESo2p7Kj9TAddQmt79Aorf6Hw=
github.com/untillpro/airs-iqueuesnats v0.0.0-20190604120030-09311fefa240/go.mod h1:ckvUthAB7iBQOhbhYfsW19X4XKawa6KwReabAZQ9kr4=
github.com/untillpro/airs-iqueuesnats v0.0.0-20190610131617-6837deb31785 h1:DsU1uPVK5CBKyNy+HQL1DTKrJv/Q/vvAhc7SWL2OVOA=
github.com/untillpro/airs-iqueuesnats v0.0.0-20190610131617-6837deb31785/go.mod h1:ckvUthAB7iBQOhbhYfsW19X4XKawa6KwReabAZQ9kr4=
github.com/untillpro/gochips v1.9.0 h1:RpvKppiix6uzKSVBBQNlrD17dk7QCtVLw3EBNDOH5DI=
github.com/untillpro/gochips v1.9.0/go.mod h1:us8QSJtQx+8SiWFqh2oAT7UMzhF73t21p3WFGn6Apao=
github.com/untillpro/godif v0.9.0 h1:AVRjQwYTXJeYsFwnEHDzgsHLLJTGY7NcRYXsMmqr/0A=
github.com/untillpro/godif v0.9.0/go.mod h1:v/TEwBrNu5MAS/1ylN50PikeZvPyMKjj8SeODKqIbpw=
golang.org/x/crypto v0.0.0-20181203042331-505ab145d0a9/go.mod h1:6SG95UA2DQfeDnfUPMdvaQW0Q7yPrPDi9nlGo2tz2b4=
golang.org/x/crypto v0.0.0-20190308221718-c2843e01d9a2 h1:VklqNMn3ovrHsnt90PveolxSbWFaJdECFbxSq0Mqo2M=
golang.org/x/crypto v0.0.0-20190308221718-c2843e01d9a2/go.mod h1:djNgcEr1/C05ACkg1iLfiJU5Ep61QUkGW8qpdssI0+w=
golang.org/x/net v0.0.0-20190320064053-1272bf9dcd53 h1:kcXqo9vE6fsZY5X5Rd7R1l7fTgnWaDCVmln65REefiE=
golang.org/x/net v0.0.0-20190320064053-1272bf9dcd53/go.mod h1:t9HGtf8HONx5eT2rtn7q6eTqICYqUVnKs3thJo3Qplg=
golang.org/x/sys v0.0.0-20190215142949-d0b11bdaac8a h1:1BGLXjeY4akVXGgbC9HugT3Jv3hCI0z56oJR5vAMgBU=
golang.org/x/sys v0.0.0-20190215142949-d0b11bdaac8a/go.mod h1:STP8DvDyc/dI5b8T5hshtkjS+E42TnysNCUPdjciGhY=
golang.org/x/sys v0.0.0-20190516110030-61b9204099cb h1:k07iPOt0d6nEnwXF+kHB+iEg+WSuKe/SOQuFM2QoD+E=
golang.org/x/sys v0.0.0-20190516110030-61b9204099cb/go.mod h1:h1NjWce9XRLGQEsW7wpKNCjG9DtNlClVuFLEZdDNbEs=
golang.org/x/sys v0.0.0-20190602015325-4c4f7f33c9ed/go.mod h1:h1NjWce9XRLGQEsW7wpKNCjG9DtNlClVuFLEZdDNbEs=
golang.org/x/text v0.3.0/go.mod h1:NqM8EUOU14njkJ3fqMW+pc6Ldnwhi/IjpwHt7yyuwOQ=
